{
  "name": "finlaysonstudio-model-evals",
  "version": "1.0.0",
  "lockfileVersion": 3,
  "requires": true,
  "packages": {
    "": {
      "name": "finlaysonstudio-model-evals",
      "version": "1.0.0",
      "license": "MIT",
      "workspaces": [
        "packages/*"
      ]
    },
    "node_modules/@finlaysonstudio-model-evals/test-pkg": {
      "resolved": "packages/test-pkg",
      "link": true
    },
    "packages/test-pkg": {
      "name": "@finlaysonstudio-model-evals/test-pkg",
      "version": "0.1.0"
    }
  }
}
